// !$*UTF8*$!
{
	archiveVersion = 1;
	classes = {
	};
	objectVersion = 56;
	objects = {

/* Begin PBXBuildFile section */
		2E1169652A6EBCE600128339 /* StarWarsApp.swift in Sources */ = {isa = PBXBuildFile; fileRef = 2E1169642A6EBCE600128339 /* StarWarsApp.swift */; };
		2E1169672A6EBCE600128339 /* CharacterListView.swift in Sources */ = {isa = PBXBuildFile; fileRef = 2E1169662A6EBCE600128339 /* CharacterListView.swift */; };
		2E1169692A6EBCE800128339 /* Assets.xcassets in Resources */ = {isa = PBXBuildFile; fileRef = 2E1169682A6EBCE800128339 /* Assets.xcassets */; };
		2E11696C2A6EBCE800128339 /* Preview Assets.xcassets in Resources */ = {isa = PBXBuildFile; fileRef = 2E11696B2A6EBCE800128339 /* Preview Assets.xcassets */; };
		2E1169762A6EBCE800128339 /* CharacterListViewModelTests.swift in Sources */ = {isa = PBXBuildFile; fileRef = 2E1169752A6EBCE800128339 /* CharacterListViewModelTests.swift */; };
		2E1169802A6EBCE800128339 /* StarWarsUITests.swift in Sources */ = {isa = PBXBuildFile; fileRef = 2E11697F2A6EBCE800128339 /* StarWarsUITests.swift */; };
		2E1169822A6EBCE800128339 /* StarWarsUITestsLaunchTests.swift in Sources */ = {isa = PBXBuildFile; fileRef = 2E1169812A6EBCE800128339 /* StarWarsUITestsLaunchTests.swift */; };
		2E1169912A6EBE9E00128339 /* CharacterDetailsView.swift in Sources */ = {isa = PBXBuildFile; fileRef = 2E1169902A6EBE9E00128339 /* CharacterDetailsView.swift */; };
		2E1169942A6F071A00128339 /* CharacterListView.swift in Sources */ = {isa = PBXBuildFile; fileRef = 2E1169662A6EBCE600128339 /* CharacterListView.swift */; };
		2E789B4E2A6F0FEF00957B17 /* CharacterDetailsView.swift in Sources */ = {isa = PBXBuildFile; fileRef = 2E1169902A6EBE9E00128339 /* CharacterDetailsView.swift */; };
		2E789B512A70065D00957B17 /* Character.swift in Sources */ = {isa = PBXBuildFile; fileRef = 2E789B502A70065D00957B17 /* Character.swift */; };
		2E789B542A7006CA00957B17 /* CharacterListViewModel.swift in Sources */ = {isa = PBXBuildFile; fileRef = 2E789B532A7006CA00957B17 /* CharacterListViewModel.swift */; };
		2E789B572A7007A000957B17 /* NetworkingManager.swift in Sources */ = {isa = PBXBuildFile; fileRef = 2E789B562A7007A000957B17 /* NetworkingManager.swift */; };
		2E789B5B2A7008C600957B17 /* CharacterRow.swift in Sources */ = {isa = PBXBuildFile; fileRef = 2E789B5A2A7008C600957B17 /* CharacterRow.swift */; };
		2E789B5C2A7008C600957B17 /* CharacterRow.swift in Sources */ = {isa = PBXBuildFile; fileRef = 2E789B5A2A7008C600957B17 /* CharacterRow.swift */; };
		2E789B5E2A7009A200957B17 /* CharacterDetailsRow.swift in Sources */ = {isa = PBXBuildFile; fileRef = 2E789B5D2A7009A200957B17 /* CharacterDetailsRow.swift */; };
		2E789B5F2A7009A200957B17 /* CharacterDetailsRow.swift in Sources */ = {isa = PBXBuildFile; fileRef = 2E789B5D2A7009A200957B17 /* CharacterDetailsRow.swift */; };
		2E789B602A700A9200957B17 /* CharacterListViewModel.swift in Sources */ = {isa = PBXBuildFile; fileRef = 2E789B532A7006CA00957B17 /* CharacterListViewModel.swift */; };
		2E789B612A700A9900957B17 /* NetworkingManager.swift in Sources */ = {isa = PBXBuildFile; fileRef = 2E789B562A7007A000957B17 /* NetworkingManager.swift */; };
		2E789B622A700AD400957B17 /* Character.swift in Sources */ = {isa = PBXBuildFile; fileRef = 2E789B502A70065D00957B17 /* Character.swift */; };
		2E789B652A700B6800957B17 /* MockNetworking.swift in Sources */ = {isa = PBXBuildFile; fileRef = 2E789B642A700B6800957B17 /* MockNetworking.swift */; };
		2E789B662A700B6800957B17 /* MockNetworking.swift in Sources */ = {isa = PBXBuildFile; fileRef = 2E789B642A700B6800957B17 /* MockNetworking.swift */; };
/* End PBXBuildFile section */

/* Begin PBXContainerItemProxy section */
		2E1169722A6EBCE800128339 /* PBXContainerItemProxy */ = {
			isa = PBXContainerItemProxy;
			containerPortal = 2E1169592A6EBCE600128339 /* Project object */;
			proxyType = 1;
			remoteGlobalIDString = 2E1169602A6EBCE600128339;
			remoteInfo = StarWars;
		};
		2E11697C2A6EBCE800128339 /* PBXContainerItemProxy */ = {
			isa = PBXContainerItemProxy;
			containerPortal = 2E1169592A6EBCE600128339 /* Project object */;
			proxyType = 1;
			remoteGlobalIDString = 2E1169602A6EBCE600128339;
			remoteInfo = StarWars;
		};
/* End PBXContainerItemProxy section */

/* Begin PBXFileReference section */
		2E1169612A6EBCE600128339 /* StarWars.app */ = {isa = PBXFileReference; explicitFileType = wrapper.application; includeInIndex = 0; path = StarWars.app; sourceTree = BUILT_PRODUCTS_DIR; };
		2E1169642A6EBCE600128339 /* StarWarsApp.swift */ = {isa = PBXFileReference; lastKnownFileType = sourcecode.swift; path = StarWarsApp.swift; sourceTree = "<group>"; };
		2E1169662A6EBCE600128339 /* CharacterListView.swift */ = {isa = PBXFileReference; lastKnownFileType = sourcecode.swift; path = CharacterListView.swift; sourceTree = "<group>"; };
		2E1169682A6EBCE800128339 /* Assets.xcassets */ = {isa = PBXFileReference; lastKnownFileType = folder.assetcatalog; path = Assets.xcassets; sourceTree = "<group>"; };
		2E11696B2A6EBCE800128339 /* Preview Assets.xcassets */ = {isa = PBXFileReference; lastKnownFileType = folder.assetcatalog; path = "Preview Assets.xcassets"; sourceTree = "<group>"; };
		2E1169712A6EBCE800128339 /* StarWarsTests.xctest */ = {isa = PBXFileReference; explicitFileType = wrapper.cfbundle; includeInIndex = 0; path = StarWarsTests.xctest; sourceTree = BUILT_PRODUCTS_DIR; };
		2E1169752A6EBCE800128339 /* CharacterListViewModelTests.swift */ = {isa = PBXFileReference; lastKnownFileType = sourcecode.swift; path = CharacterListViewModelTests.swift; sourceTree = "<group>"; };
		2E11697B2A6EBCE800128339 /* StarWarsUITests.xctest */ = {isa = PBXFileReference; explicitFileType = wrapper.cfbundle; includeInIndex = 0; path = StarWarsUITests.xctest; sourceTree = BUILT_PRODUCTS_DIR; };
		2E11697F2A6EBCE800128339 /* StarWarsUITests.swift */ = {isa = PBXFileReference; lastKnownFileType = sourcecode.swift; path = StarWarsUITests.swift; sourceTree = "<group>"; };
		2E1169812A6EBCE800128339 /* StarWarsUITestsLaunchTests.swift */ = {isa = PBXFileReference; lastKnownFileType = sourcecode.swift; path = StarWarsUITestsLaunchTests.swift; sourceTree = "<group>"; };
		2E1169902A6EBE9E00128339 /* CharacterDetailsView.swift */ = {isa = PBXFileReference; lastKnownFileType = sourcecode.swift; path = CharacterDetailsView.swift; sourceTree = "<group>"; };
		2E789B502A70065D00957B17 /* Character.swift */ = {isa = PBXFileReference; lastKnownFileType = sourcecode.swift; path = Character.swift; sourceTree = "<group>"; };
		2E789B532A7006CA00957B17 /* CharacterListViewModel.swift */ = {isa = PBXFileReference; lastKnownFileType = sourcecode.swift; path = CharacterListViewModel.swift; sourceTree = "<group>"; };
		2E789B562A7007A000957B17 /* NetworkingManager.swift */ = {isa = PBXFileReference; lastKnownFileType = sourcecode.swift; path = NetworkingManager.swift; sourceTree = "<group>"; };
		2E789B5A2A7008C600957B17 /* CharacterRow.swift */ = {isa = PBXFileReference; lastKnownFileType = sourcecode.swift; path = CharacterRow.swift; sourceTree = "<group>"; };
		2E789B5D2A7009A200957B17 /* CharacterDetailsRow.swift */ = {isa = PBXFileReference; lastKnownFileType = sourcecode.swift; path = CharacterDetailsRow.swift; sourceTree = "<group>"; };
		2E789B642A700B6800957B17 /* MockNetworking.swift */ = {isa = PBXFileReference; lastKnownFileType = sourcecode.swift; path = MockNetworking.swift; sourceTree = "<group>"; };
/* End PBXFileReference section */

/* Begin PBXFrameworksBuildPhase section */
		2E11695E2A6EBCE600128339 /* Frameworks */ = {
			isa = PBXFrameworksBuildPhase;
			buildActionMask = 2147483647;
			files = (
			);
			runOnlyForDeploymentPostprocessing = 0;
		};
		2E11696E2A6EBCE800128339 /* Frameworks */ = {
			isa = PBXFrameworksBuildPhase;
			buildActionMask = 2147483647;
			files = (
			);
			runOnlyForDeploymentPostprocessing = 0;
		};
		2E1169782A6EBCE800128339 /* Frameworks */ = {
			isa = PBXFrameworksBuildPhase;
			buildActionMask = 2147483647;
			files = (
			);
			runOnlyForDeploymentPostprocessing = 0;
		};
/* End PBXFrameworksBuildPhase section */

/* Begin PBXGroup section */
		2E1169582A6EBCE600128339 = {
			isa = PBXGroup;
			children = (
				2E1169632A6EBCE600128339 /* StarWars */,
				2E1169742A6EBCE800128339 /* StarWarsTests */,
				2E11697E2A6EBCE800128339 /* StarWarsUITests */,
				2E1169622A6EBCE600128339 /* Products */,
			);
			sourceTree = "<group>";
		};
		2E1169622A6EBCE600128339 /* Products */ = {
			isa = PBXGroup;
			children = (
				2E1169612A6EBCE600128339 /* StarWars.app */,
				2E1169712A6EBCE800128339 /* StarWarsTests.xctest */,
				2E11697B2A6EBCE800128339 /* StarWarsUITests.xctest */,
			);
			name = Products;
			sourceTree = "<group>";
		};
		2E1169632A6EBCE600128339 /* StarWars */ = {
			isa = PBXGroup;
			children = (
				2E1169642A6EBCE600128339 /* StarWarsApp.swift */,
				2E789B552A70076D00957B17 /* Networking */,
				2E789B522A70069500957B17 /* ViewModels */,
				2E789B582A70083000957B17 /* Views */,
				2E789B4F2A70062F00957B17 /* Models */,
				2E1169682A6EBCE800128339 /* Assets.xcassets */,
				2E11696A2A6EBCE800128339 /* Preview Content */,
			);
			path = StarWars;
			sourceTree = "<group>";
		};
		2E11696A2A6EBCE800128339 /* Preview Content */ = {
			isa = PBXGroup;
			children = (
				2E11696B2A6EBCE800128339 /* Preview Assets.xcassets */,
			);
			path = "Preview Content";
			sourceTree = "<group>";
		};
		2E1169742A6EBCE800128339 /* StarWarsTests */ = {
			isa = PBXGroup;
			children = (
				2E789B632A700B2100957B17 /* MockData */,
				2E1169752A6EBCE800128339 /* CharacterListViewModelTests.swift */,
			);
			path = StarWarsTests;
			sourceTree = "<group>";
		};
		2E11697E2A6EBCE800128339 /* StarWarsUITests */ = {
			isa = PBXGroup;
			children = (
				2E11697F2A6EBCE800128339 /* StarWarsUITests.swift */,
				2E1169812A6EBCE800128339 /* StarWarsUITestsLaunchTests.swift */,
			);
			path = StarWarsUITests;
			sourceTree = "<group>";
		};
		2E789B4F2A70062F00957B17 /* Models */ = {
			isa = PBXGroup;
			children = (
				2E789B502A70065D00957B17 /* Character.swift */,
			);
			path = Models;
			sourceTree = "<group>";
		};
		2E789B522A70069500957B17 /* ViewModels */ = {
			isa = PBXGroup;
			children = (
				2E789B532A7006CA00957B17 /* CharacterListViewModel.swift */,
			);
			path = ViewModels;
			sourceTree = "<group>";
		};
		2E789B552A70076D00957B17 /* Networking */ = {
			isa = PBXGroup;
			children = (
				2E789B562A7007A000957B17 /* NetworkingManager.swift */,
			);
			path = Networking;
			sourceTree = "<group>";
		};
		2E789B582A70083000957B17 /* Views */ = {
			isa = PBXGroup;
			children = (
				2E789B592A7008B500957B17 /* Rows */,
				2E1169662A6EBCE600128339 /* CharacterListView.swift */,
				2E1169902A6EBE9E00128339 /* CharacterDetailsView.swift */,
			);
			path = Views;
			sourceTree = "<group>";
		};
		2E789B592A7008B500957B17 /* Rows */ = {
			isa = PBXGroup;
			children = (
				2E789B5A2A7008C600957B17 /* CharacterRow.swift */,
				2E789B5D2A7009A200957B17 /* CharacterDetailsRow.swift */,
			);
			path = Rows;
			sourceTree = "<group>";
		};
		2E789B632A700B2100957B17 /* MockData */ = {
			isa = PBXGroup;
			children = (
				2E789B642A700B6800957B17 /* MockNetworking.swift */,
			);
			path = MockData;
			sourceTree = "<group>";
		};
/* End PBXGroup section */

/* Begin PBXNativeTarget section */
		2E1169602A6EBCE600128339 /* StarWars */ = {
			isa = PBXNativeTarget;
			buildConfigurationList = 2E1169852A6EBCE800128339 /* Build configuration list for PBXNativeTarget "StarWars" */;
			buildPhases = (
				2E11695D2A6EBCE600128339 /* Sources */,
				2E11695E2A6EBCE600128339 /* Frameworks */,
				2E11695F2A6EBCE600128339 /* Resources */,
			);
			buildRules = (
			);
			dependencies = (
			);
			name = StarWars;
			productName = StarWars;
			productReference = 2E1169612A6EBCE600128339 /* StarWars.app */;
			productType = "com.apple.product-type.application";
		};
		2E1169702A6EBCE800128339 /* StarWarsTests */ = {
			isa = PBXNativeTarget;
			buildConfigurationList = 2E1169882A6EBCE800128339 /* Build configuration list for PBXNativeTarget "StarWarsTests" */;
			buildPhases = (
				2E11696D2A6EBCE800128339 /* Sources */,
				2E11696E2A6EBCE800128339 /* Frameworks */,
				2E11696F2A6EBCE800128339 /* Resources */,
			);
			buildRules = (
			);
			dependencies = (
				2E1169732A6EBCE800128339 /* PBXTargetDependency */,
			);
			name = StarWarsTests;
			productName = StarWarsTests;
			productReference = 2E1169712A6EBCE800128339 /* StarWarsTests.xctest */;
			productType = "com.apple.product-type.bundle.unit-test";
		};
		2E11697A2A6EBCE800128339 /* StarWarsUITests */ = {
			isa = PBXNativeTarget;
			buildConfigurationList = 2E11698B2A6EBCE800128339 /* Build configuration list for PBXNativeTarget "StarWarsUITests" */;
			buildPhases = (
				2E1169772A6EBCE800128339 /* Sources */,
				2E1169782A6EBCE800128339 /* Frameworks */,
				2E1169792A6EBCE800128339 /* Resources */,
			);
			buildRules = (
			);
			dependencies = (
				2E11697D2A6EBCE800128339 /* PBXTargetDependency */,
			);
			name = StarWarsUITests;
			productName = StarWarsUITests;
			productReference = 2E11697B2A6EBCE800128339 /* StarWarsUITests.xctest */;
			productType = "com.apple.product-type.bundle.ui-testing";
		};
/* End PBXNativeTarget section */

/* Begin PBXProject section */
		2E1169592A6EBCE600128339 /* Project object */ = {
			isa = PBXProject;
			attributes = {
				BuildIndependentTargetsInParallel = 1;
				LastSwiftUpdateCheck = 1430;
				LastUpgradeCheck = 1430;
				TargetAttributes = {
					2E1169602A6EBCE600128339 = {
						CreatedOnToolsVersion = 14.3.1;
					};
					2E1169702A6EBCE800128339 = {
						CreatedOnToolsVersion = 14.3.1;
						TestTargetID = 2E1169602A6EBCE600128339;
					};
					2E11697A2A6EBCE800128339 = {
						CreatedOnToolsVersion = 14.3.1;
						TestTargetID = 2E1169602A6EBCE600128339;
					};
				};
			};
			buildConfigurationList = 2E11695C2A6EBCE600128339 /* Build configuration list for PBXProject "StarWars" */;
			compatibilityVersion = "Xcode 14.0";
			developmentRegion = en;
			hasScannedForEncodings = 0;
			knownRegions = (
				en,
				Base,
			);
			mainGroup = 2E1169582A6EBCE600128339;
			productRefGroup = 2E1169622A6EBCE600128339 /* Products */;
			projectDirPath = "";
			projectRoot = "";
			targets = (
				2E1169602A6EBCE600128339 /* StarWars */,
				2E1169702A6EBCE800128339 /* StarWarsTests */,
				2E11697A2A6EBCE800128339 /* StarWarsUITests */,
			);
		};
/* End PBXProject section */

/* Begin PBXResourcesBuildPhase section */
		2E11695F2A6EBCE600128339 /* Resources */ = {
			isa = PBXResourcesBuildPhase;
			buildActionMask = 2147483647;
			files = (
				2E11696C2A6EBCE800128339 /* Preview Assets.xcassets in Resources */,
				2E1169692A6EBCE800128339 /* Assets.xcassets in Resources */,
			);
			runOnlyForDeploymentPostprocessing = 0;
		};
		2E11696F2A6EBCE800128339 /* Resources */ = {
			isa = PBXResourcesBuildPhase;
			buildActionMask = 2147483647;
			files = (
			);
			runOnlyForDeploymentPostprocessing = 0;
		};
		2E1169792A6EBCE800128339 /* Resources */ = {
			isa = PBXResourcesBuildPhase;
			buildActionMask = 2147483647;
			files = (
			);
			runOnlyForDeploymentPostprocessing = 0;
		};
/* End PBXResourcesBuildPhase section */

/* Begin PBXSourcesBuildPhase section */
		2E11695D2A6EBCE600128339 /* Sources */ = {
			isa = PBXSourcesBuildPhase;
			buildActionMask = 2147483647;
			files = (
				2E1169672A6EBCE600128339 /* CharacterListView.swift in Sources */,
				2E789B5B2A7008C600957B17 /* CharacterRow.swift in Sources */,
				2E1169652A6EBCE600128339 /* StarWarsApp.swift in Sources */,
				2E1169912A6EBE9E00128339 /* CharacterDetailsView.swift in Sources */,
				2E789B572A7007A000957B17 /* NetworkingManager.swift in Sources */,
				2E789B542A7006CA00957B17 /* CharacterListViewModel.swift in Sources */,
				2E789B652A700B6800957B17 /* MockNetworking.swift in Sources */,
				2E789B512A70065D00957B17 /* Character.swift in Sources */,
				2E789B5E2A7009A200957B17 /* CharacterDetailsRow.swift in Sources */,
			);
			runOnlyForDeploymentPostprocessing = 0;
		};
		2E11696D2A6EBCE800128339 /* Sources */ = {
			isa = PBXSourcesBuildPhase;
			buildActionMask = 2147483647;
			files = (
				2E1169762A6EBCE800128339 /* CharacterListViewModelTests.swift in Sources */,
				2E789B5F2A7009A200957B17 /* CharacterDetailsRow.swift in Sources */,
				2E1169942A6F071A00128339 /* CharacterListView.swift in Sources */,
				2E789B5C2A7008C600957B17 /* CharacterRow.swift in Sources */,
				2E789B602A700A9200957B17 /* CharacterListViewModel.swift in Sources */,
				2E789B4E2A6F0FEF00957B17 /* CharacterDetailsView.swift in Sources */,
				2E789B662A700B6800957B17 /* MockNetworking.swift in Sources */,
				2E789B612A700A9900957B17 /* NetworkingManager.swift in Sources */,
				2E789B622A700AD400957B17 /* Character.swift in Sources */,
			);
			runOnlyForDeploymentPostprocessing = 0;
		};
		2E1169772A6EBCE800128339 /* Sources */ = {
			isa = PBXSourcesBuildPhase;
			buildActionMask = 2147483647;
			files = (
				2E1169822A6EBCE800128339 /* StarWarsUITestsLaunchTests.swift in Sources */,
				2E1169802A6EBCE800128339 /* StarWarsUITests.swift in Sources */,
			);
			runOnlyForDeploymentPostprocessing = 0;
		};
/* End PBXSourcesBuildPhase section */

/* Begin PBXTargetDependency section */
		2E1169732A6EBCE800128339 /* PBXTargetDependency */ = {
			isa = PBXTargetDependency;
			target = 2E1169602A6EBCE600128339 /* StarWars */;
			targetProxy = 2E1169722A6EBCE800128339 /* PBXContainerItemProxy */;
		};
		2E11697D2A6EBCE800128339 /* PBXTargetDependency */ = {
			isa = PBXTargetDependency;
			target = 2E1169602A6EBCE600128339 /* StarWars */;
			targetProxy = 2E11697C2A6EBCE800128339 /* PBXContainerItemProxy */;
		};
/* End PBXTargetDependency section */

/* Begin XCBuildConfiguration section */
		2E1169832A6EBCE800128339 /* Debug */ = {
			isa = XCBuildConfiguration;
			buildSettings = {
				ALWAYS_SEARCH_USER_PATHS = NO;
				CLANG_ANALYZER_NONNULL = YES;
				CLANG_ANALYZER_NUMBER_OBJECT_CONVERSION = YES_AGGRESSIVE;
				CLANG_CXX_LANGUAGE_STANDARD = "gnu++20";
				CLANG_ENABLE_MODULES = YES;
				CLANG_ENABLE_OBJC_ARC = YES;
				CLANG_ENABLE_OBJC_WEAK = YES;
				CLANG_WARN_BLOCK_CAPTURE_AUTORELEASING = YES;
				CLANG_WARN_BOOL_CONVERSION = YES;
				CLANG_WARN_COMMA = YES;
				CLANG_WARN_CONSTANT_CONVERSION = YES;
				CLANG_WARN_DEPRECATED_OBJC_IMPLEMENTATIONS = YES;
				CLANG_WARN_DIRECT_OBJC_ISA_USAGE = YES_ERROR;
				CLANG_WARN_DOCUMENTATION_COMMENTS = YES;
				CLANG_WARN_EMPTY_BODY = YES;
				CLANG_WARN_ENUM_CONVERSION = YES;
				CLANG_WARN_INFINITE_RECURSION = YES;
				CLANG_WARN_INT_CONVERSION = YES;
				CLANG_WARN_NON_LITERAL_NULL_CONVERSION = YES;
				CLANG_WARN_OBJC_IMPLICIT_RETAIN_SELF = YES;
				CLANG_WARN_OBJC_LITERAL_CONVERSION = YES;
				CLANG_WARN_OBJC_ROOT_CLASS = YES_ERROR;
				CLANG_WARN_QUOTED_INCLUDE_IN_FRAMEWORK_HEADER = YES;
				CLANG_WARN_RANGE_LOOP_ANALYSIS = YES;
				CLANG_WARN_STRICT_PROTOTYPES = YES;
				CLANG_WARN_SUSPICIOUS_MOVE = YES;
				CLANG_WARN_UNGUARDED_AVAILABILITY = YES_AGGRESSIVE;
				CLANG_WARN_UNREACHABLE_CODE = YES;
				CLANG_WARN__DUPLICATE_METHOD_MATCH = YES;
				COPY_PHASE_STRIP = NO;
				DEBUG_INFORMATION_FORMAT = dwarf;
				ENABLE_STRICT_OBJC_MSGSEND = YES;
				ENABLE_TESTABILITY = YES;
				GCC_C_LANGUAGE_STANDARD = gnu11;
				GCC_DYNAMIC_NO_PIC = NO;
				GCC_NO_COMMON_BLOCKS = YES;
				GCC_OPTIMIZATION_LEVEL = 0;
				GCC_PREPROCESSOR_DEFINITIONS = (
					"DEBUG=1",
					"$(inherited)",
				);
				GCC_WARN_64_TO_32_BIT_CONVERSION = YES;
				GCC_WARN_ABOUT_RETURN_TYPE = YES_ERROR;
				GCC_WARN_UNDECLARED_SELECTOR = YES;
				GCC_WARN_UNINITIALIZED_AUTOS = YES_AGGRESSIVE;
				GCC_WARN_UNUSED_FUNCTION = YES;
				GCC_WARN_UNUSED_VARIABLE = YES;
				IPHONEOS_DEPLOYMENT_TARGET = 16.4;
				MTL_ENABLE_DEBUG_INFO = INCLUDE_SOURCE;
				MTL_FAST_MATH = YES;
				ONLY_ACTIVE_ARCH = YES;
				SDKROOT = iphoneos;
				SWIFT_ACTIVE_COMPILATION_CONDITIONS = DEBUG;
				SWIFT_OPTIMIZATION_LEVEL = "-Onone";
			};
			name = Debug;
		};
		2E1169842A6EBCE800128339 /* Release */ = {
			isa = XCBuildConfiguration;
			buildSettings = {
				ALWAYS_SEARCH_USER_PATHS = NO;
				CLANG_ANALYZER_NONNULL = YES;
				CLANG_ANALYZER_NUMBER_OBJECT_CONVERSION = YES_AGGRESSIVE;
				CLANG_CXX_LANGUAGE_STANDARD = "gnu++20";
				CLANG_ENABLE_MODULES = YES;
				CLANG_ENABLE_OBJC_ARC = YES;
				CLANG_ENABLE_OBJC_WEAK = YES;
				CLANG_WARN_BLOCK_CAPTURE_AUTORELEASING = YES;
				CLANG_WARN_BOOL_CONVERSION = YES;
				CLANG_WARN_COMMA = YES;
				CLANG_WARN_CONSTANT_CONVERSION = YES;
				CLANG_WARN_DEPRECATED_OBJC_IMPLEMENTATIONS = YES;
				CLANG_WARN_DIRECT_OBJC_ISA_USAGE = YES_ERROR;
				CLANG_WARN_DOCUMENTATION_COMMENTS = YES;
				CLANG_WARN_EMPTY_BODY = YES;
				CLANG_WARN_ENUM_CONVERSION = YES;
				CLANG_WARN_INFINITE_RECURSION = YES;
				CLANG_WARN_INT_CONVERSION = YES;
				CLANG_WARN_NON_LITERAL_NULL_CONVERSION = YES;
				CLANG_WARN_OBJC_IMPLICIT_RETAIN_SELF = YES;
				CLANG_WARN_OBJC_LITERAL_CONVERSION = YES;
				CLANG_WARN_OBJC_ROOT_CLASS = YES_ERROR;
				CLANG_WARN_QUOTED_INCLUDE_IN_FRAMEWORK_HEADER = YES;
				CLANG_WARN_RANGE_LOOP_ANALYSIS = YES;
				CLANG_WARN_STRICT_PROTOTYPES = YES;
				CLANG_WARN_SUSPICIOUS_MOVE = YES;
				CLANG_WARN_UNGUARDED_AVAILABILITY = YES_AGGRESSIVE;
				CLANG_WARN_UNREACHABLE_CODE = YES;
				CLANG_WARN__DUPLICATE_METHOD_MATCH = YES;
				COPY_PHASE_STRIP = NO;
				DEBUG_INFORMATION_FORMAT = "dwarf-with-dsym";
				ENABLE_NS_ASSERTIONS = NO;
				ENABLE_STRICT_OBJC_MSGSEND = YES;
				GCC_C_LANGUAGE_STANDARD = gnu11;
				GCC_NO_COMMON_BLOCKS = YES;
				GCC_WARN_64_TO_32_BIT_CONVERSION = YES;
				GCC_WARN_ABOUT_RETURN_TYPE = YES_ERROR;
				GCC_WARN_UNDECLARED_SELECTOR = YES;
				GCC_WARN_UNINITIALIZED_AUTOS = YES_AGGRESSIVE;
				GCC_WARN_UNUSED_FUNCTION = YES;
				GCC_WARN_UNUSED_VARIABLE = YES;
				IPHONEOS_DEPLOYMENT_TARGET = 16.4;
				MTL_ENABLE_DEBUG_INFO = NO;
				MTL_FAST_MATH = YES;
				SDKROOT = iphoneos;
				SWIFT_COMPILATION_MODE = wholemodule;
				SWIFT_OPTIMIZATION_LEVEL = "-O";
				VALIDATE_PRODUCT = YES;
			};
			name = Release;
		};
		2E1169862A6EBCE800128339 /* Debug */ = {
			isa = XCBuildConfiguration;
			buildSettings = {
				ASSETCATALOG_COMPILER_APPICON_NAME = AppIcon;
				ASSETCATALOG_COMPILER_GLOBAL_ACCENT_COLOR_NAME = AccentColor;
				CODE_SIGN_IDENTITY = "Apple Development";
				CODE_SIGN_STYLE = Automatic;
				CURRENT_PROJECT_VERSION = 1;
				DEVELOPMENT_ASSET_PATHS = "\"StarWars/Preview Content\"";
				DEVELOPMENT_TEAM = R85NL68XY2;
				ENABLE_PREVIEWS = YES;
				GENERATE_INFOPLIST_FILE = YES;
				INFOPLIST_KEY_UIApplicationSceneManifest_Generation = YES;
				INFOPLIST_KEY_UIApplicationSupportsIndirectInputEvents = YES;
				INFOPLIST_KEY_UILaunchScreen_Generation = YES;
				INFOPLIST_KEY_UISupportedInterfaceOrientations_iPad = "UIInterfaceOrientationPortrait UIInterfaceOrientationPortraitUpsideDown UIInterfaceOrientationLandscapeLeft UIInterfaceOrientationLandscapeRight";
				INFOPLIST_KEY_UISupportedInterfaceOrientations_iPhone = "UIInterfaceOrientationPortrait UIInterfaceOrientationLandscapeLeft UIInterfaceOrientationLandscapeRight";
				INFOPLIST_KEY_UIUserInterfaceStyle = Light;
				LD_RUNPATH_SEARCH_PATHS = (
					"$(inherited)",
					"@executable_path/Frameworks",
				);
				MARKETING_VERSION = 1.0;
				PRODUCT_BUNDLE_IDENTIFIER = com.starwars.StarWars;
				PRODUCT_NAME = "$(TARGET_NAME)";
				PROVISIONING_PROFILE_SPECIFIER = "";
				SWIFT_EMIT_LOC_STRINGS = YES;
				SWIFT_VERSION = 5.0;
				TARGETED_DEVICE_FAMILY = "1,2";
			};
			name = Debug;
		};
		2E1169872A6EBCE800128339 /* Release */ = {
			isa = XCBuildConfiguration;
			buildSettings = {
				ASSETCATALOG_COMPILER_APPICON_NAME = AppIcon;
				ASSETCATALOG_COMPILER_GLOBAL_ACCENT_COLOR_NAME = AccentColor;
				CODE_SIGN_IDENTITY = "Apple Development";
				CODE_SIGN_STYLE = Automatic;
				CURRENT_PROJECT_VERSION = 1;
				DEVELOPMENT_ASSET_PATHS = "\"StarWars/Preview Content\"";
				DEVELOPMENT_TEAM = R85NL68XY2;
				ENABLE_PREVIEWS = YES;
				GENERATE_INFOPLIST_FILE = YES;
				INFOPLIST_KEY_UIApplicationSceneManifest_Generation = YES;
				INFOPLIST_KEY_UIApplicationSupportsIndirectInputEvents = YES;
				INFOPLIST_KEY_UILaunchScreen_Generation = YES;
				INFOPLIST_KEY_UISupportedInterfaceOrientations_iPad = "UIInterfaceOrientationPortrait UIInterfaceOrientationPortraitUpsideDown UIInterfaceOrientationLandscapeLeft UIInterfaceOrientationLandscapeRight";
				INFOPLIST_KEY_UISupportedInterfaceOrientations_iPhone = "UIInterfaceOrientationPortrait UIInterfaceOrientationLandscapeLeft UIInterfaceOrientationLandscapeRight";
				INFOPLIST_KEY_UIUserInterfaceStyle = Light;
				LD_RUNPATH_SEARCH_PATHS = (
					"$(inherited)",
					"@executable_path/Frameworks",
				);
				MARKETING_VERSION = 1.0;
				PRODUCT_BUNDLE_IDENTIFIER = com.starwars.StarWars;
				PRODUCT_NAME = "$(TARGET_NAME)";
				PROVISIONING_PROFILE_SPECIFIER = "";
				SWIFT_EMIT_LOC_STRINGS = YES;
				SWIFT_VERSION = 5.0;
				TARGETED_DEVICE_FAMILY = "1,2";
			};
			name = Release;
		};
		2E1169892A6EBCE800128339 /* Debug */ = {
			isa = XCBuildConfiguration;
			buildSettings = {
				ALWAYS_EMBED_SWIFT_STANDARD_LIBRARIES = YES;
				BUNDLE_LOADER = "$(TEST_HOST)";
				CODE_SIGN_STYLE = Automatic;
				CURRENT_PROJECT_VERSION = 1;
				DEVELOPMENT_TEAM = R85NL68XY2;
				GENERATE_INFOPLIST_FILE = YES;
				IPHONEOS_DEPLOYMENT_TARGET = 16.4;
				MARKETING_VERSION = 1.0;
				PRODUCT_BUNDLE_IDENTIFIER = com.starwars.StarWarsTests;
				PRODUCT_NAME = "$(TARGET_NAME)";
				SWIFT_EMIT_LOC_STRINGS = NO;
				SWIFT_VERSION = 5.0;
				TARGETED_DEVICE_FAMILY = "1,2";
				TEST_HOST = "$(BUILT_PRODUCTS_DIR)/StarWars.app/$(BUNDLE_EXECUTABLE_FOLDER_PATH)/StarWars";
			};
			name = Debug;
		};
		2E11698A2A6EBCE800128339 /* Release */ = {
			isa = XCBuildConfiguration;
			buildSettings = {
				ALWAYS_EMBED_SWIFT_STANDARD_LIBRARIES = YES;
				BUNDLE_LOADER = "$(TEST_HOST)";
				CODE_SIGN_STYLE = Automatic;
				CURRENT_PROJECT_VERSION = 1;
				DEVELOPMENT_TEAM = R85NL68XY2;
				GENERATE_INFOPLIST_FILE = YES;
				IPHONEOS_DEPLOYMENT_TARGET = 16.4;
				MARKETING_VERSION = 1.0;
				PRODUCT_BUNDLE_IDENTIFIER = com.starwars.StarWarsTests;
				PRODUCT_NAME = "$(TARGET_NAME)";
				SWIFT_EMIT_LOC_STRINGS = NO;
				SWIFT_VERSION = 5.0;
				TARGETED_DEVICE_FAMILY = "1,2";
				TEST_HOST = "$(BUILT_PRODUCTS_DIR)/StarWars.app/$(BUNDLE_EXECUTABLE_FOLDER_PATH)/StarWars";
			};
			name = Release;
		};
		2E11698C2A6EBCE800128339 /* Debug */ = {
			isa = XCBuildConfiguration;
			buildSettings = {
				ALWAYS_EMBED_SWIFT_STANDARD_LIBRARIES = YES;
				CODE_SIGN_STYLE = Automatic;
				CURRENT_PROJECT_VERSION = 1;
				GENERATE_INFOPLIST_FILE = YES;
				MARKETING_VERSION = 1.0;
				PRODUCT_BUNDLE_IDENTIFIER = com.starwars.StarWarsUITests;
				PRODUCT_NAME = "$(TARGET_NAME)";
				SWIFT_EMIT_LOC_STRINGS = NO;
				SWIFT_VERSION = 5.0;
				TARGETED_DEVICE_FAMILY = "1,2";
				TEST_TARGET_NAME = StarWars;
			};
			name = Debug;
		};
		2E11698D2A6EBCE800128339 /* Release */ = {
			isa = XCBuildConfiguration;
			buildSettings = {
				ALWAYS_EMBED_SWIFT_STANDARD_LIBRARIES = YES;
				CODE_SIGN_STYLE = Automatic;
				CURRENT_PROJECT_VERSION = 1;
				GENERATE_INFOPLIST_FILE = YES;
				MARKETING_VERSION = 1.0;
				PRODUCT_BUNDLE_IDENTIFIER = com.starwars.StarWarsUITests;
				PRODUCT_NAME = "$(TARGET_NAME)";
				SWIFT_EMIT_LOC_STRINGS = NO;
				SWIFT_VERSION = 5.0;
				TARGETED_DEVICE_FAMILY = "1,2";
				TEST_TARGET_NAME = StarWars;
			};
			name = Release;
		};
/* End XCBuildConfiguration section */

/* Begin XCConfigurationList section */
		2E11695C2A6EBCE600128339 /* Build configuration list for PBXProject "StarWars" */ = {
			isa = XCConfigurationList;
			buildConfigurations = (
				2E1169832A6EBCE800128339 /* Debug */,
				2E1169842A6EBCE800128339 /* Release */,
			);
			defaultConfigurationIsVisible = 0;
			defaultConfigurationName = Release;
		};
		2E1169852A6EBCE800128339 /* Build configuration list for PBXNativeTarget "StarWars" */ = {
			isa = XCConfigurationList;
			buildConfigurations = (
				2E1169862A6EBCE800128339 /* Debug */,
				2E1169872A6EBCE800128339 /* Release */,
			);
			defaultConfigurationIsVisible = 0;
			defaultConfigurationName = Release;
		};
		2E1169882A6EBCE800128339 /* Build configuration list for PBXNativeTarget "StarWarsTests" */ = {
			isa = XCConfigurationList;
			buildConfigurations = (
				2E1169892A6EBCE800128339 /* Debug */,
				2E11698A2A6EBCE800128339 /* Release */,
			);
			defaultConfigurationIsVisible = 0;
			defaultConfigurationName = Release;
		};
		2E11698B2A6EBCE800128339 /* Build configuration list for PBXNativeTarget "StarWarsUITests" */ = {
			isa = XCConfigurationList;
			buildConfigurations = (
				2E11698C2A6EBCE800128339 /* Debug */,
				2E11698D2A6EBCE800128339 /* Release */,
			);
			defaultConfigurationIsVisible = 0;
			defaultConfigurationName = Release;
		};
/* End XCConfigurationList section */
	};
	rootObject = 2E1169592A6EBCE600128339 /* Project object */;
}
